
Microsoft Visual Studio Solution File, Format Version 12.00
# Visual Studio Version 16
VisualStudioVersion = 16.0.31624.102
MinimumVisualStudioVersion = 10.0.40219.1
Project("{FAE04EC0-301F-11D3-BF4B-00C04F79EFBC}") = "AddonRaidExtension", "AddonRaidExtension.csproj", "{6CC1B440-B2D9-49A4-AA51-247867D7DD79}"
EndProject
Global
	GlobalSection(SolutionConfigurationPlatforms) = preSolution
		Debug|Any CPU = Debug|Any CPU
		Release|Any CPU = Release|Any CPU
	EndGlobalSection
	GlobalSection(ProjectConfigurationPlatforms) = postSolution
		{6CC1B440-B2D9-49A4-AA51-247867D7DD79}.Debug|Any CPU.ActiveCfg = Debug|Any CPU
		{6CC1B440-B2D9-49A4-AA51-247867D7DD79}.Debug|Any CPU.Build.0 = Debug|Any CPU
		{6CC1B440-B2D9-49A4-AA51-247867D7DD79}.Release|Any CPU.ActiveCfg = Release|Any CPU
		{6CC1B440-B2D9-49A4-AA51-247867D7DD79}.Release|Any CPU.Build.0 = Release|Any CPU
	EndGlobalSection
	GlobalSection(SolutionProperties) = preSolution
		HideSolutionNode = FALSE
	EndGlobalSection
	GlobalSection(ExtensibilityGlobals) = postSolution
		SolutionGuid = {8E76B40A-2F69-4D76-BD58-F38CA360C322}
	EndGlobalSection
EndGlobal
